
Microsoft Visual Studio Solution File, Format Version 12.00
# Visual Studio Version 16
VisualStudioVersion = 16.0.29503.13
MinimumVisualStudioVersion = 10.0.40219.1
Project("{FAE04EC0-301F-11D3-BF4B-00C04F79EFBC}") = "CompositAlgorithm", "CompositAlgorithm\CompositAlgorithm.csproj", "{7AE86AA6-0CF8-4718-8FF1-DD465F6BBD5A}"
EndProject
Global
	GlobalSection(SolutionConfigurationPlatforms) = preSolution
		Debug|Any CPU = Debug|Any CPU
		Release|Any CPU = Release|Any CPU
	EndGlobalSection
	GlobalSection(ProjectConfigurationPlatforms) = postSolution
		{7AE86AA6-0CF8-4718-8FF1-DD465F6BBD5A}.Debug|Any CPU.ActiveCfg = Debug|Any CPU
		{7AE86AA6-0CF8-4718-8FF1-DD465F6BBD5A}.Debug|Any CPU.Build.0 = Debug|Any CPU
		{7AE86AA6-0CF8-4718-8FF1-DD465F6BBD5A}.Release|Any CPU.ActiveCfg = Release|Any CPU
		{7AE86AA6-0CF8-4718-8FF1-DD465F6BBD5A}.Release|Any CPU.Build.0 = Release|Any CPU
	EndGlobalSection
	GlobalSection(SolutionProperties) = preSolution
		HideSolutionNode = FALSE
	EndGlobalSection
	GlobalSection(ExtensibilityGlobals) = postSolution
		SolutionGuid = {A2E68908-47BD-435D-9BAE-81FA7A014589}
	EndGlobalSection
EndGlobal
